Microsoft Visual Studio Solution File, Format Version 12.00
# Visual Studio Version 17
VisualStudioVersion = 17.6.33815.320
MinimumVisualStudioVersion = 10.0.40219.1
Project("{9A19103F-16F7-4668-BE54-9A1E7A4F7556}") = "XO.Diagnostics.Bugsnag", "XO.Diagnostics.Bugsnag\XO.Diagnostics.Bugsnag.csproj", "{4B2A9575-0236-414D-9A7D-368A1459C9CA}"
EndProject
Project("{2150E333-8FDC-42A3-9474-1A3956D46DE8}") = "Solution Items", "Solution Items", "{87794824-AFED-4CBA-996F-8C2ACEBEDC6F}"
	ProjectSection(SolutionItems) = preProject
		.editorconfig = .editorconfig
		.gitattributes = .gitattributes
		.gitignore = .gitignore
		codecov.yml = codecov.yml
		Directory.Build.props = Directory.Build.props
		global.json = global.json
		LICENSE.txt = LICENSE.txt
		nuget.config = nuget.config
		README.md = README.md
		version.json = version.json
	EndProjectSection
EndProject
Project("{9A19103F-16F7-4668-BE54-9A1E7A4F7556}") = "XO.Diagnostics.Bugsnag.OpenTelemetry", "XO.Diagnostics.Bugsnag.OpenTelemetry\XO.Diagnostics.Bugsnag.OpenTelemetry.csproj", "{3BA3690E-C417-40C1-A4FA-A60FF4B2D884}"
EndProject
Project("{2150E333-8FDC-42A3-9474-1A3956D46DE8}") = "Workflows", "Workflows", "{433E562A-4A95-4666-92A4-E7A269A0B8CF}"
	ProjectSection(SolutionItems) = preProject
		.github\workflows\ci.yml = .github\workflows\ci.yml
	EndProjectSection
EndProject
Project("{9A19103F-16F7-4668-BE54-9A1E7A4F7556}") = "XO.Diagnostics.Tests", "XO.Diagnostics.Tests\XO.Diagnostics.Tests.csproj", "{0523D629-9711-4B0C-A856-6CE39F295A97}"
EndProject
Global
	GlobalSection(SolutionConfigurationPlatforms) = preSolution
		Debug|Any CPU = Debug|Any CPU
		Release|Any CPU = Release|Any CPU
	EndGlobalSection
	GlobalSection(ProjectConfigurationPlatforms) = postSolution
		{4B2A9575-0236-414D-9A7D-368A1459C9CA}.Debug|Any CPU.ActiveCfg = Debug|Any CPU
		{4B2A9575-0236-414D-9A7D-368A1459C9CA}.Debug|Any CPU.Build.0 = Debug|Any CPU
		{4B2A9575-0236-414D-9A7D-368A1459C9CA}.Release|Any CPU.ActiveCfg = Release|Any CPU
		{4B2A9575-0236-414D-9A7D-368A1459C9CA}.Release|Any CPU.Build.0 = Release|Any CPU
		{3BA3690E-C417-40C1-A4FA-A60FF4B2D884}.Debug|Any CPU.ActiveCfg = Debug|Any CPU
		{3BA3690E-C417-40C1-A4FA-A60FF4B2D884}.Debug|Any CPU.Build.0 = Debug|Any CPU
		{3BA3690E-C417-40C1-A4FA-A60FF4B2D884}.Release|Any CPU.ActiveCfg = Release|Any CPU
		{3BA3690E-C417-40C1-A4FA-A60FF4B2D884}.Release|Any CPU.Build.0 = Release|Any CPU
		{0523D629-9711-4B0C-A856-6CE39F295A97}.Debug|Any CPU.ActiveCfg = Debug|Any CPU
		{0523D629-9711-4B0C-A856-6CE39F295A97}.Debug|Any CPU.Build.0 = Debug|Any CPU
		{0523D629-9711-4B0C-A856-6CE39F295A97}.Release|Any CPU.ActiveCfg = Release|Any CPU
		{0523D629-9711-4B0C-A856-6CE39F295A97}.Release|Any CPU.Build.0 = Release|Any CPU
	EndGlobalSection
	GlobalSection(SolutionProperties) = preSolution
		HideSolutionNode = FALSE
	EndGlobalSection
	GlobalSection(ExtensibilityGlobals) = postSolution
		SolutionGuid = {BAE84A41-50DB-4373-B259-9E6D7A023232}
	EndGlobalSection
EndGlobal
